// !$*UTF8*$!
{
	archiveVersion = 1;
	classes = {
	};
	objectVersion = 56;
	objects = {

/* Begin PBXBuildFile section */
		220963E1EB48203386F47886 /* EXIFEditorViewModel.swift in Sources */ = {isa = PBXBuildFile; fileRef = 55FB97059FB3CAB9A90EEC27 /* EXIFEditorViewModel.swift */; };
		3FA85E75BFBB6867EA10B762 /* EXIFData.swift in Sources */ = {isa = PBXBuildFile; fileRef = 70BC48D2FAF893169E4D42DE /* EXIFData.swift */; };
		4679FD9C1F994B414B57644C /* PrivacyProtectorView.swift in Sources */ = {isa = PBXBuildFile; fileRef = 9C7C6904B6718219FFC11922 /* PrivacyProtectorView.swift */; };
		483B5EC49F304AFEBE5F1B9F /* EXIFEditorView.swift in Sources */ = {isa = PBXBuildFile; fileRef = 553A4CB63F511360F9B06B5B /* EXIFEditorView.swift */; };
		4EC77678CA4FAEFE0023BD5D /* PlatformCompat.swift in Sources */ = {isa = PBXBuildFile; fileRef = 5919BCC9C5C4316EFE4DC910 /* PlatformCompat.swift */; };
		53D30B74C7C8437907BF14BD /* BatchProcessingEngine.swift in Sources */ = {isa = PBXBuildFile; fileRef = 9AFC4CA855BF3FA140348DE0 /* BatchProcessingEngine.swift */; };
		5F4E1026C4EB9EF55D7C339A /* PrivacyDetector.swift in Sources */ = {isa = PBXBuildFile; fileRef = BA4D5F34954E904DF9D79727 /* PrivacyDetector.swift */; };
		70EED66EC689EC691B513779 /* EXIFRemoverView.swift in Sources */ = {isa = PBXBuildFile; fileRef = 39978BAE0BB0AACBF8A0C899 /* EXIFRemoverView.swift */; };
		753F71623A28DA4370290FFF /* EXIFManager.swift in Sources */ = {isa = PBXBuildFile; fileRef = 8099325712B275208CFA4977 /* EXIFManager.swift */; };
		8F979595316A835F1B029EF7 /* PrivacyRenderer.swift in Sources */ = {isa = PBXBuildFile; fileRef = 1CF606828F03B803E58C9E3F /* PrivacyRenderer.swift */; };
		A1B2C3D4E5F6A7B8C9D0E101 /* EXIFRemoverApp.swift in Sources */ = {isa = PBXBuildFile; fileRef = A1B2C3D4E5F6A7B8C9D0E201 /* EXIFRemoverApp.swift */; };
		A1B2C3D4E5F6A7B8C9D0E103 /* ImageStripper.swift in Sources */ = {isa = PBXBuildFile; fileRef = A1B2C3D4E5F6A7B8C9D0E203 /* ImageStripper.swift */; };
		A1B2C3D4E5F6A7B8C9D0E104 /* Assets.xcassets in Resources */ = {isa = PBXBuildFile; fileRef = A1B2C3D4E5F6A7B8C9D0E204 /* Assets.xcassets */; };
		A1B2C3D4E5F6A7B8C9D0E105 /* SettingsView.swift in Sources */ = {isa = PBXBuildFile; fileRef = A1B2C3D4E5F6A7B8C9D0E205 /* SettingsView.swift */; };
		A1B2C3D4E5F6A7B8C9D0E120 /* Localizable.strings in Resources */ = {isa = PBXBuildFile; fileRef = A1B2C3D4E5F6A7B8C9D0E220 /* Localizable.strings */; };
		A2D8EDF38F8AB616B175D378 /* PrivacyRegion.swift in Sources */ = {isa = PBXBuildFile; fileRef = 72C6CBA5C6ED456CCD2227FE /* PrivacyRegion.swift */; };
		A86F8297E26C17A11381666A /* ContentView.swift in Sources */ = {isa = PBXBuildFile; fileRef = BCC4BA03C2C013CFC507BE50 /* ContentView.swift */; };
		D2363CDC164A61DE93AD4F75 /* PrivacyEditorViewModel.swift in Sources */ = {isa = PBXBuildFile; fileRef = 284EA0402588E86D83E4C1A0 /* PrivacyEditorViewModel.swift */; };
		EF23D96B289D96D5AC240B50 /* GPSMapView.swift in Sources */ = {isa = PBXBuildFile; fileRef = 51252C63C2543DC5110F0757 /* GPSMapView.swift */; };
/* End PBXBuildFile section */

/* Begin PBXFileReference section */
		1CF606828F03B803E58C9E3F /* PrivacyRenderer.swift */ = {isa = PBXFileReference; includeInIndex = 1; lastKnownFileType = sourcecode.swift; path = PrivacyRenderer.swift; sourceTree = "<group>"; };
		2446BC35A37D99E890FD9343 /* ja */ = {isa = PBXFileReference; includeInIndex = 1; lastKnownFileType = text.plist.strings; name = ja; path = ja.lproj/Localizable.strings; sourceTree = "<group>"; };
		284EA0402588E86D83E4C1A0 /* PrivacyEditorViewModel.swift */ = {isa = PBXFileReference; includeInIndex = 1; lastKnownFileType = sourcecode.swift; path = PrivacyEditorViewModel.swift; sourceTree = "<group>"; };
		39978BAE0BB0AACBF8A0C899 /* EXIFRemoverView.swift */ = {isa = PBXFileReference; includeInIndex = 1; lastKnownFileType = sourcecode.swift; path = EXIFRemoverView.swift; sourceTree = "<group>"; };
		41F535CD836510D61D2917F7 /* zh-Hant */ = {isa = PBXFileReference; includeInIndex = 1; lastKnownFileType = text.plist.strings; name = "zh-Hant"; path = "zh-Hant.lproj/Localizable.strings"; sourceTree = "<group>"; };
		51252C63C2543DC5110F0757 /* GPSMapView.swift */ = {isa = PBXFileReference; includeInIndex = 1; lastKnownFileType = sourcecode.swift; path = GPSMapView.swift; sourceTree = "<group>"; };
		553A4CB63F511360F9B06B5B /* EXIFEditorView.swift */ = {isa = PBXFileReference; includeInIndex = 1; lastKnownFileType = sourcecode.swift; path = EXIFEditorView.swift; sourceTree = "<group>"; };
		55FB97059FB3CAB9A90EEC27 /* EXIFEditorViewModel.swift */ = {isa = PBXFileReference; includeInIndex = 1; lastKnownFileType = sourcecode.swift; path = EXIFEditorViewModel.swift; sourceTree = "<group>"; };
		5919BCC9C5C4316EFE4DC910 /* PlatformCompat.swift */ = {isa = PBXFileReference; includeInIndex = 1; lastKnownFileType = sourcecode.swift; path = PlatformCompat.swift; sourceTree = "<group>"; };
		70BC48D2FAF893169E4D42DE /* EXIFData.swift */ = {isa = PBXFileReference; includeInIndex = 1; lastKnownFileType = sourcecode.swift; path = EXIFData.swift; sourceTree = "<group>"; };
		72C6CBA5C6ED456CCD2227FE /* PrivacyRegion.swift */ = {isa = PBXFileReference; includeInIndex = 1; lastKnownFileType = sourcecode.swift; path = PrivacyRegion.swift; sourceTree = "<group>"; };
		8099325712B275208CFA4977 /* EXIFManager.swift */ = {isa = PBXFileReference; includeInIndex = 1; lastKnownFileType = sourcecode.swift; path = EXIFManager.swift; sourceTree = "<group>"; };
		991B69C08D5828A5F8DE360D /* ru */ = {isa = PBXFileReference; includeInIndex = 1; lastKnownFileType = text.plist.strings; name = ru; path = ru.lproj/Localizable.strings; sourceTree = "<group>"; };
		9AFC4CA855BF3FA140348DE0 /* BatchProcessingEngine.swift */ = {isa = PBXFileReference; includeInIndex = 1; lastKnownFileType = sourcecode.swift; path = BatchProcessingEngine.swift; sourceTree = "<group>"; };
		9C7C6904B6718219FFC11922 /* PrivacyProtectorView.swift */ = {isa = PBXFileReference; includeInIndex = 1; lastKnownFileType = sourcecode.swift; path = PrivacyProtectorView.swift; sourceTree = "<group>"; };
		A1B2C3D4E5F6A7B8C9D0E201 /* EXIFRemoverApp.swift */ = {isa = PBXFileReference; lastKnownFileType = sourcecode.swift; path = EXIFRemoverApp.swift; sourceTree = "<group>"; };
		A1B2C3D4E5F6A7B8C9D0E203 /* ImageStripper.swift */ = {isa = PBXFileReference; lastKnownFileType = sourcecode.swift; path = ImageStripper.swift; sourceTree = "<group>"; };
		A1B2C3D4E5F6A7B8C9D0E204 /* Assets.xcassets */ = {isa = PBXFileReference; lastKnownFileType = folder.assetcatalog; path = Assets.xcassets; sourceTree = "<group>"; };
		A1B2C3D4E5F6A7B8C9D0E205 /* SettingsView.swift */ = {isa = PBXFileReference; lastKnownFileType = sourcecode.swift; path = SettingsView.swift; sourceTree = "<group>"; };
		A1B2C3D4E5F6A7B8C9D0E206 /* Info.plist */ = {isa = PBXFileReference; lastKnownFileType = text.plist.xml; path = Info.plist; sourceTree = "<group>"; };
		A1B2C3D4E5F6A7B8C9D0E207 /* WenRemover.app */ = {isa = PBXFileReference; explicitFileType = wrapper.application; path = WenRemover.app; sourceTree = BUILT_PRODUCTS_DIR; };
		A1B2C3D4E5F6A7B8C9D0E221 /* en */ = {isa = PBXFileReference; lastKnownFileType = text.plist.strings; name = en; path = en.lproj/Localizable.strings; sourceTree = "<group>"; };
		A1B2C3D4E5F6A7B8C9D0E222 /* zh-Hans */ = {isa = PBXFileReference; lastKnownFileType = text.plist.strings; name = "zh-Hans"; path = "zh-Hans.lproj/Localizable.strings"; sourceTree = "<group>"; };
		BA4D5F34954E904DF9D79727 /* PrivacyDetector.swift */ = {isa = PBXFileReference; includeInIndex = 1; lastKnownFileType = sourcecode.swift; path = PrivacyDetector.swift; sourceTree = "<group>"; };
		BCC4BA03C2C013CFC507BE50 /* ContentView.swift */ = {isa = PBXFileReference; includeInIndex = 1; lastKnownFileType = sourcecode.swift; path = ContentView.swift; sourceTree = "<group>"; };
/* End PBXFileReference section */

/* Begin PBXFrameworksBuildPhase section */
		A1B2C3D4E5F6A7B8C9D0E603 /* Frameworks */ = {
			isa = PBXFrameworksBuildPhase;
			buildActionMask = 2147483647;
			files = (
			);
			runOnlyForDeploymentPostprocessing = 0;
		};
/* End PBXFrameworksBuildPhase section */

/* Begin PBXGroup section */
		A1B2C3D4E5F6A7B8C9D0E301 /* EXIFRemover */ = {
			isa = PBXGroup;
			children = (
				A1B2C3D4E5F6A7B8C9D0E201 /* EXIFRemoverApp.swift */,
				A1B2C3D4E5F6A7B8C9D0E203 /* ImageStripper.swift */,
				A1B2C3D4E5F6A7B8C9D0E205 /* SettingsView.swift */,
				A1B2C3D4E5F6A7B8C9D0E220 /* Localizable.strings */,
				A1B2C3D4E5F6A7B8C9D0E204 /* Assets.xcassets */,
				A1B2C3D4E5F6A7B8C9D0E206 /* Info.plist */,
				BCC4BA03C2C013CFC507BE50 /* ContentView.swift */,
				39978BAE0BB0AACBF8A0C899 /* EXIFRemoverView.swift */,
				72C6CBA5C6ED456CCD2227FE /* PrivacyRegion.swift */,
				BA4D5F34954E904DF9D79727 /* PrivacyDetector.swift */,
				1CF606828F03B803E58C9E3F /* PrivacyRenderer.swift */,
				284EA0402588E86D83E4C1A0 /* PrivacyEditorViewModel.swift */,
				9C7C6904B6718219FFC11922 /* PrivacyProtectorView.swift */,
				5919BCC9C5C4316EFE4DC910 /* PlatformCompat.swift */,
				70BC48D2FAF893169E4D42DE /* EXIFData.swift */,
				8099325712B275208CFA4977 /* EXIFManager.swift */,
				9AFC4CA855BF3FA140348DE0 /* BatchProcessingEngine.swift */,
				55FB97059FB3CAB9A90EEC27 /* EXIFEditorViewModel.swift */,
				51252C63C2543DC5110F0757 /* GPSMapView.swift */,
				553A4CB63F511360F9B06B5B /* EXIFEditorView.swift */,
			);
			path = EXIFRemover;
			sourceTree = "<group>";
		};
		A1B2C3D4E5F6A7B8C9D0E302 = {
			isa = PBXGroup;
			children = (
				A1B2C3D4E5F6A7B8C9D0E301 /* EXIFRemover */,
				A1B2C3D4E5F6A7B8C9D0E303 /* Products */,
			);
			sourceTree = "<group>";
		};
		A1B2C3D4E5F6A7B8C9D0E303 /* Products */ = {
			isa = PBXGroup;
			children = (
				A1B2C3D4E5F6A7B8C9D0E207 /* WenRemover.app */,
			);
			name = Products;
			sourceTree = "<group>";
		};
/* End PBXGroup section */

/* Begin PBXNativeTarget section */
		A1B2C3D4E5F6A7B8C9D0E401 /* EXIFRemover */ = {
			isa = PBXNativeTarget;
			buildConfigurationList = A1B2C3D4E5F6A7B8C9D0E501 /* Build configuration list for PBXNativeTarget "EXIFRemover" */;
			buildPhases = (
				A1B2C3D4E5F6A7B8C9D0E601 /* Sources */,
				A1B2C3D4E5F6A7B8C9D0E602 /* Resources */,
				A1B2C3D4E5F6A7B8C9D0E603 /* Frameworks */,
			);
			buildRules = (
			);
			dependencies = (
			);
			name = EXIFRemover;
			productName = EXIFRemover;
			productReference = A1B2C3D4E5F6A7B8C9D0E207 /* WenRemover.app */;
			productType = "com.apple.product-type.application";
		};
/* End PBXNativeTarget section */

/* Begin PBXProject section */
		A1B2C3D4E5F6A7B8C9D0E4010 /* Project object */ = {
			isa = PBXProject;
			attributes = {
				BuildIndependentTargetsInParallel = 1;
				LastSwiftUpdateCheck = 1500;
				LastUpgradeCheck = 2620;
				TargetAttributes = {
					A1B2C3D4E5F6A7B8C9D0E401 = {
						CreatedOnToolsVersion = 15.0;
					};
				};
			};
			buildConfigurationList = A1B2C3D4E5F6A7B8C9D0E500 /* Build configuration list for PBXProject "EXIF Remover" */;
			compatibilityVersion = "Xcode 14.0";
			developmentRegion = "zh-Hans";
			hasScannedForEncodings = 0;
			knownRegions = (
				en,
				"zh-Hans",
				Base,
				ru,
				ja,
				"zh-Hant",
			);
			mainGroup = A1B2C3D4E5F6A7B8C9D0E302;
			productRefGroup = A1B2C3D4E5F6A7B8C9D0E303 /* Products */;
			projectDirPath = "";
			projectRoot = "";
			targets = (
				A1B2C3D4E5F6A7B8C9D0E401 /* EXIFRemover */,
			);
		};
/* End PBXProject section */

/* Begin PBXResourcesBuildPhase section */
		A1B2C3D4E5F6A7B8C9D0E602 /* Resources */ = {
			isa = PBXResourcesBuildPhase;
			buildActionMask = 2147483647;
			files = (
				A1B2C3D4E5F6A7B8C9D0E104 /* Assets.xcassets in Resources */,
				A1B2C3D4E5F6A7B8C9D0E120 /* Localizable.strings in Resources */,
			);
			runOnlyForDeploymentPostprocessing = 0;
		};
/* End PBXResourcesBuildPhase section */

/* Begin PBXSourcesBuildPhase section */
		A1B2C3D4E5F6A7B8C9D0E601 /* Sources */ = {
			isa = PBXSourcesBuildPhase;
			buildActionMask = 2147483647;
			files = (
				A1B2C3D4E5F6A7B8C9D0E101 /* EXIFRemoverApp.swift in Sources */,
				A1B2C3D4E5F6A7B8C9D0E103 /* ImageStripper.swift in Sources */,
				A1B2C3D4E5F6A7B8C9D0E105 /* SettingsView.swift in Sources */,
				A86F8297E26C17A11381666A /* ContentView.swift in Sources */,
				70EED66EC689EC691B513779 /* EXIFRemoverView.swift in Sources */,
				A2D8EDF38F8AB616B175D378 /* PrivacyRegion.swift in Sources */,
				5F4E1026C4EB9EF55D7C339A /* PrivacyDetector.swift in Sources */,
				8F979595316A835F1B029EF7 /* PrivacyRenderer.swift in Sources */,
				D2363CDC164A61DE93AD4F75 /* PrivacyEditorViewModel.swift in Sources */,
				4679FD9C1F994B414B57644C /* PrivacyProtectorView.swift in Sources */,
				4EC77678CA4FAEFE0023BD5D /* PlatformCompat.swift in Sources */,
				3FA85E75BFBB6867EA10B762 /* EXIFData.swift in Sources */,
				753F71623A28DA4370290FFF /* EXIFManager.swift in Sources */,
				53D30B74C7C8437907BF14BD /* BatchProcessingEngine.swift in Sources */,
				220963E1EB48203386F47886 /* EXIFEditorViewModel.swift in Sources */,
				EF23D96B289D96D5AC240B50 /* GPSMapView.swift in Sources */,
				483B5EC49F304AFEBE5F1B9F /* EXIFEditorView.swift in Sources */,
			);
			runOnlyForDeploymentPostprocessing = 0;
		};
/* End PBXSourcesBuildPhase section */

/* Begin PBXVariantGroup section */
		A1B2C3D4E5F6A7B8C9D0E220 /* Localizable.strings */ = {
			isa = PBXVariantGroup;
			children = (
				A1B2C3D4E5F6A7B8C9D0E221 /* en */,
				A1B2C3D4E5F6A7B8C9D0E222 /* zh-Hans */,
				991B69C08D5828A5F8DE360D /* ru */,
				2446BC35A37D99E890FD9343 /* ja */,
				41F535CD836510D61D2917F7 /* zh-Hant */,
			);
			name = Localizable.strings;
			sourceTree = "<group>";
		};
/* End PBXVariantGroup section */

/* Begin XCBuildConfiguration section */
		A1B2C3D4E5F6A7B8C9D0E701 /* Debug */ = {
			isa = XCBuildConfiguration;
			buildSettings = {
				ALWAYS_SEARCH_USER_PATHS = NO;
				CLANG_ANALYZER_NONNULL = YES;
				CLANG_ENABLE_MODULES = YES;
				CLANG_ENABLE_OBJC_ARC = YES;
				CLANG_ENABLE_OBJC_WEAK = YES;
				CLANG_WARN_BLOCK_CAPTURE_AUTORELEASING = YES;
				CLANG_WARN_BOOL_CONVERSION = YES;
				CLANG_WARN_COMMA = YES;
				CLANG_WARN_CONSTANT_CONVERSION = YES;
				CLANG_WARN_DEPRECATED_OBJC_IMPLEMENTATIONS = YES;
				CLANG_WARN_DOCUMENTATION_COMMENTS = YES;
				CLANG_WARN_EMPTY_BODY = YES;
				CLANG_WARN_ENUM_CONVERSION = YES;
				CLANG_WARN_INFINITE_RECURSION = YES;
				CLANG_WARN_INT_CONVERSION = YES;
				CLANG_WARN_NON_LITERAL_NULL_CONVERSION = YES;
				CLANG_WARN_OBJC_IMPLICIT_RETAIN_SELF = YES;
				CLANG_WARN_OBJC_LITERAL_CONVERSION = YES;
				CLANG_WARN_QUOTED_INCLUDE_IN_FRAMEWORK_HEADER = YES;
				CLANG_WARN_RANGE_LOOP_ANALYSIS = YES;
				CLANG_WARN_STRICT_PROTOTYPES = YES;
				CLANG_WARN_SUSPICIOUS_MOVE = YES;
				CLANG_WARN_UNGUARDED_AVAILABILITY = YES;
				CLANG_WARN_UNREACHABLE_CODE = YES;
				CLANG_WARN__DUPLICATE_METHOD_MATCH = YES;
				COPY_PHASE_STRIP = NO;
				DEAD_CODE_STRIPPING = YES;
				DEBUG_INFORMATION_FORMAT = dwarf;
				ENABLE_STRICT_OBJC_MSGSEND = YES;
				ENABLE_TESTABILITY = YES;
				ENABLE_USER_SCRIPT_SANDBOXING = YES;
				GCC_C_LANGUAGE_STANDARD = gnu11;
				GCC_DYNAMIC_NO_PIC = NO;
				GCC_NO_COMMON_BLOCKS = YES;
				GCC_OPTIMIZATION_LEVEL = 0;
				GCC_PREPROCESSOR_DEFINITIONS = (
					"DEBUG=1",
					"$(inherited)",
				);
				GCC_WARN_64_TO_32_BIT_CONVERSION = YES;
				GCC_WARN_ABOUT_RETURN_TYPE = YES;
				GCC_WARN_UNDECLARED_SELECTOR = YES;
				GCC_WARN_UNINITIALIZED_AUTOS = YES;
				GCC_WARN_UNUSED_FUNCTION = YES;
				GCC_WARN_UNUSED_VARIABLE = YES;
				MACOSX_DEPLOYMENT_TARGET = 13.0;
				MTL_ENABLE_DEBUG_INFO = INCLUDE_SOURCE;
				ONLY_ACTIVE_ARCH = YES;
				SDKROOT = macosx;
				STRING_CATALOG_GENERATE_SYMBOLS = YES;
				SWIFT_ACTIVE_COMPILATION_CONDITIONS = DEBUG;
				SWIFT_OPTIMIZATION_LEVEL = "-Onone";
			};
			name = Debug;
		};
		A1B2C3D4E5F6A7B8C9D0E702 /* Release */ = {
			isa = XCBuildConfiguration;
			buildSettings = {
				ALWAYS_SEARCH_USER_PATHS = NO;
				CLANG_ANALYZER_NONNULL = YES;
				CLANG_ENABLE_MODULES = YES;
				CLANG_ENABLE_OBJC_ARC = YES;
				CLANG_ENABLE_OBJC_WEAK = YES;
				CLANG_WARN_BLOCK_CAPTURE_AUTORELEASING = YES;
				CLANG_WARN_BOOL_CONVERSION = YES;
				CLANG_WARN_COMMA = YES;
				CLANG_WARN_CONSTANT_CONVERSION = YES;
				CLANG_WARN_DEPRECATED_OBJC_IMPLEMENTATIONS = YES;
				CLANG_WARN_DOCUMENTATION_COMMENTS = YES;
				CLANG_WARN_EMPTY_BODY = YES;
				CLANG_WARN_ENUM_CONVERSION = YES;
				CLANG_WARN_INFINITE_RECURSION = YES;
				CLANG_WARN_INT_CONVERSION = YES;
				CLANG_WARN_NON_LITERAL_NULL_CONVERSION = YES;
				CLANG_WARN_OBJC_IMPLICIT_RETAIN_SELF = YES;
				CLANG_WARN_OBJC_LITERAL_CONVERSION = YES;
				CLANG_WARN_QUOTED_INCLUDE_IN_FRAMEWORK_HEADER = YES;
				CLANG_WARN_RANGE_LOOP_ANALYSIS = YES;
				CLANG_WARN_STRICT_PROTOTYPES = YES;
				CLANG_WARN_SUSPICIOUS_MOVE = YES;
				CLANG_WARN_UNGUARDED_AVAILABILITY = YES;
				CLANG_WARN_UNREACHABLE_CODE = YES;
				CLANG_WARN__DUPLICATE_METHOD_MATCH = YES;
				COPY_PHASE_STRIP = YES;
				DEAD_CODE_STRIPPING = YES;
				DEBUG_INFORMATION_FORMAT = dwarf;
				ENABLE_STRICT_OBJC_MSGSEND = YES;
				ENABLE_USER_SCRIPT_SANDBOXING = YES;
				GCC_C_LANGUAGE_STANDARD = gnu11;
				GCC_DYNAMIC_NO_PIC = NO;
				GCC_NO_COMMON_BLOCKS = YES;
				GCC_OPTIMIZATION_LEVEL = s;
				GCC_WARN_64_TO_32_BIT_CONVERSION = YES;
				GCC_WARN_ABOUT_RETURN_TYPE = YES;
				GCC_WARN_UNDECLARED_SELECTOR = YES;
				GCC_WARN_UNINITIALIZED_AUTOS = YES;
				GCC_WARN_UNUSED_FUNCTION = YES;
				GCC_WARN_UNUSED_VARIABLE = YES;
				MACOSX_DEPLOYMENT_TARGET = 13.0;
				MTL_ENABLE_DEBUG_INFO = NO;
				SDKROOT = macosx;
				STRING_CATALOG_GENERATE_SYMBOLS = YES;
				SWIFT_COMPILATION_MODE = wholemodule;
				SWIFT_OPTIMIZATION_LEVEL = "-O";
			};
			name = Release;
		};
		A1B2C3D4E5F6A7B8C9D0E703 /* Debug */ = {
			isa = XCBuildConfiguration;
			buildSettings = {
				ASSETCATALOG_COMPILER_APPICON_NAME = AppIcon;
				ASSETCATALOG_COMPILER_INCLUDE_ALL_APPICON_ASSETS = YES;
				"CODE_SIGN_IDENTITY[sdk=macosx*]" = "-";
				CODE_SIGN_STYLE = Automatic;
				CURRENT_PROJECT_VERSION = 32;
				DEAD_CODE_STRIPPING = YES;
				DEVELOPMENT_TEAM = P9HYDP4Z9T;
				INFOPLIST_FILE = EXIFRemover/Info.plist;
				INFOPLIST_KEY_CFBundleDisplayName = WenRemover;
				INFOPLIST_KEY_LSApplicationCategoryType = "public.app-category.utilities";
				LD_RUNPATH_SEARCH_PATHS = (
					"$(inherited)",
					"@executable_path/../Frameworks",
				);
				MACOSX_DEPLOYMENT_TARGET = 14.0;
				MARKETING_VERSION = 2.0.0;
				PRODUCT_BUNDLE_IDENTIFIER = com.andywen.wenremover;
				PRODUCT_NAME = WenRemover;
				SUPPORTED_PLATFORMS = "iphoneos iphonesimulator macosx";
				SUPPORTS_MACCATALYST = NO;
				SWIFT_VERSION = 5.0;
				TARGETED_DEVICE_FAMILY = "1,2";
			};
			name = Debug;
		};
		A1B2C3D4E5F6A7B8C9D0E704 /* Release */ = {
			isa = XCBuildConfiguration;
			buildSettings = {
				ASSETCATALOG_COMPILER_APPICON_NAME = AppIcon;
				ASSETCATALOG_COMPILER_INCLUDE_ALL_APPICON_ASSETS = YES;
				"CODE_SIGN_IDENTITY[sdk=macosx*]" = "-";
				CODE_SIGN_STYLE = Automatic;
				CURRENT_PROJECT_VERSION = 32;
				DEAD_CODE_STRIPPING = YES;
				DEVELOPMENT_TEAM = P9HYDP4Z9T;
				INFOPLIST_FILE = EXIFRemover/Info.plist;
				INFOPLIST_KEY_CFBundleDisplayName = WenRemover;
				INFOPLIST_KEY_LSApplicationCategoryType = "public.app-category.utilities";
				LD_RUNPATH_SEARCH_PATHS = (
					"$(inherited)",
					"@executable_path/../Frameworks",
				);
				MACOSX_DEPLOYMENT_TARGET = 14.0;
				MARKETING_VERSION = 2.0.0;
				PRODUCT_BUNDLE_IDENTIFIER = com.andywen.wenremover;
				PRODUCT_NAME = WenRemover;
				SUPPORTED_PLATFORMS = "iphoneos iphonesimulator macosx";
				SUPPORTS_MACCATALYST = NO;
				SWIFT_VERSION = 5.0;
				TARGETED_DEVICE_FAMILY = "1,2";
			};
			name = Release;
		};
/* End XCBuildConfiguration section */

/* Begin XCConfigurationList section */
		A1B2C3D4E5F6A7B8C9D0E500 /* Build configuration list for PBXProject "EXIF Remover" */ = {
			isa = XCConfigurationList;
			buildConfigurations = (
				A1B2C3D4E5F6A7B8C9D0E701 /* Debug */,
				A1B2C3D4E5F6A7B8C9D0E702 /* Release */,
			);
			defaultConfigurationIsVisible = 0;
			defaultConfigurationName = Release;
		};
		A1B2C3D4E5F6A7B8C9D0E501 /* Build configuration list for PBXNativeTarget "EXIFRemover" */ = {
			isa = XCConfigurationList;
			buildConfigurations = (
				A1B2C3D4E5F6A7B8C9D0E703 /* Debug */,
				A1B2C3D4E5F6A7B8C9D0E704 /* Release */,
			);
			defaultConfigurationIsVisible = 0;
			defaultConfigurationName = Release;
		};
/* End XCConfigurationList section */
	};
	rootObject = A1B2C3D4E5F6A7B8C9D0E4010 /* Project object */;
}
